// !$*UTF8*$!
{
	archiveVersion = 1;
	classes = {
	};
	objectVersion = 46;
	objects = {

/* Begin PBXBuildFile section */
		3247B09419B4E1060072B2C4 /* PrefixHeader.pch in Headers */ = {isa = PBXBuildFile; fileRef = 3247B09319B4E1060072B2C4 /* PrefixHeader.pch */; };
		3247B09519B4E1060072B2C4 /* PrefixHeader.pch in Headers */ = {isa = PBXBuildFile; fileRef = 3247B09319B4E1060072B2C4 /* PrefixHeader.pch */; };
		3266470A19CE97D80000347F /* IsometricAlgorithm.cpp in Sources */ = {isa = PBXBuildFile; fileRef = 3266470819CE97D80000347F /* IsometricAlgorithm.cpp */; };
		3266470B19CE97D80000347F /* IsometricAlgorithm.cpp in Sources */ = {isa = PBXBuildFile; fileRef = 3266470819CE97D80000347F /* IsometricAlgorithm.cpp */; };
		3266470C19CE97D80000347F /* IsometricAlgorithm.h in Headers */ = {isa = PBXBuildFile; fileRef = 3266470919CE97D80000347F /* IsometricAlgorithm.h */; };
		3266470D19CE97D80000347F /* IsometricAlgorithm.h in Headers */ = {isa = PBXBuildFile; fileRef = 3266470919CE97D80000347F /* IsometricAlgorithm.h */; };
		32A08DD019B1743800EEA4B0 /* tinyxml2.h in Headers */ = {isa = PBXBuildFile; fileRef = 32A08DCE19B1743800EEA4B0 /* tinyxml2.h */; };
		32A08DDA19B1784500EEA4B0 /* IsometricTileConfig.cpp in Sources */ = {isa = PBXBuildFile; fileRef = 32AAE25219AF804000AD58AB /* IsometricTileConfig.cpp */; };
		32A08DDB19B1784500EEA4B0 /* IsometricModel.cpp in Sources */ = {isa = PBXBuildFile; fileRef = 32D98769199900C600522AE3 /* IsometricModel.cpp */; };
		32A08DDC19B1784500EEA4B0 /* IsometricCell.cpp in Sources */ = {isa = PBXBuildFile; fileRef = 32D9876D1999048C00522AE3 /* IsometricCell.cpp */; };
		32A08DDD19B1784E00EEA4B0 /* tinyxml2.h in Headers */ = {isa = PBXBuildFile; fileRef = 32A08DCE19B1743800EEA4B0 /* tinyxml2.h */; };
		32A08DDE19B1784E00EEA4B0 /* IsometricTileConfig.h in Headers */ = {isa = PBXBuildFile; fileRef = 32AAE25319AF804000AD58AB /* IsometricTileConfig.h */; };
		32A08DDF19B1784E00EEA4B0 /* IsometricCellType.h in Headers */ = {isa = PBXBuildFile; fileRef = 32D987731999106800522AE3 /* IsometricCellType.h */; };
		32A08DE019B1784E00EEA4B0 /* IsometricModel.h in Headers */ = {isa = PBXBuildFile; fileRef = 32D9876A199900C600522AE3 /* IsometricModel.h */; };
		32A08DE119B1784E00EEA4B0 /* IsometricCell.h in Headers */ = {isa = PBXBuildFile; fileRef = 32D9876E1999048C00522AE3 /* IsometricCell.h */; };
		32A08DE219B1786900EEA4B0 /* IsometricCellBevelDirection.h in Headers */ = {isa = PBXBuildFile; fileRef = 32D987751999135E00522AE3 /* IsometricCellBevelDirection.h */; };
		32A08DE719B17CE000EEA4B0 /* tinyxml2.cpp in Sources */ = {isa = PBXBuildFile; fileRef = 32A08DCD19B1743800EEA4B0 /* tinyxml2.cpp */; };
		32A08DE819B17CE100EEA4B0 /* tinyxml2.cpp in Sources */ = {isa = PBXBuildFile; fileRef = 32A08DCD19B1743800EEA4B0 /* tinyxml2.cpp */; };
		32AAA75419E261E600B8550A /* TinyMemory.cpp in Sources */ = {isa = PBXBuildFile; fileRef = 32AAA75219E261E600B8550A /* TinyMemory.cpp */; };
		32AAA75519E261E600B8550A /* TinyMemory.cpp in Sources */ = {isa = PBXBuildFile; fileRef = 32AAA75219E261E600B8550A /* TinyMemory.cpp */; };
		32AAA75619E261E600B8550A /* TinyMemory.h in Headers */ = {isa = PBXBuildFile; fileRef = 32AAA75319E261E600B8550A /* TinyMemory.h */; };
		32AAA75719E261E600B8550A /* TinyMemory.h in Headers */ = {isa = PBXBuildFile; fileRef = 32AAA75319E261E600B8550A /* TinyMemory.h */; };
		32AAE25419AF804000AD58AB /* IsometricTileConfig.cpp in Sources */ = {isa = PBXBuildFile; fileRef = 32AAE25219AF804000AD58AB /* IsometricTileConfig.cpp */; };
		32AAE25519AF804000AD58AB /* IsometricTileConfig.h in Headers */ = {isa = PBXBuildFile; fileRef = 32AAE25319AF804000AD58AB /* IsometricTileConfig.h */; };
		32B20D4519B76A5200A97AC1 /* IsometricPairValue.cpp in Sources */ = {isa = PBXBuildFile; fileRef = 32B20D4319B76A5200A97AC1 /* IsometricPairValue.cpp */; };
		32B20D4619B76A5200A97AC1 /* IsometricPairValue.cpp in Sources */ = {isa = PBXBuildFile; fileRef = 32B20D4319B76A5200A97AC1 /* IsometricPairValue.cpp */; };
		32B20D4719B76A5200A97AC1 /* IsometricPairValue.h in Headers */ = {isa = PBXBuildFile; fileRef = 32B20D4419B76A5200A97AC1 /* IsometricPairValue.h */; };
		32B20D4819B76A5200A97AC1 /* IsometricPairValue.h in Headers */ = {isa = PBXBuildFile; fileRef = 32B20D4419B76A5200A97AC1 /* IsometricPairValue.h */; };
		32B20D4C19B7726600A97AC1 /* IsometricPairValueGroup.cpp in Sources */ = {isa = PBXBuildFile; fileRef = 32B20D4A19B7726600A97AC1 /* IsometricPairValueGroup.cpp */; };
		32B20D4D19B7726600A97AC1 /* IsometricPairValueGroup.cpp in Sources */ = {isa = PBXBuildFile; fileRef = 32B20D4A19B7726600A97AC1 /* IsometricPairValueGroup.cpp */; };
		32B20D4E19B7726600A97AC1 /* IsometricPairValueGroup.h in Headers */ = {isa = PBXBuildFile; fileRef = 32B20D4B19B7726600A97AC1 /* IsometricPairValueGroup.h */; };
		32B20D4F19B7726600A97AC1 /* IsometricPairValueGroup.h in Headers */ = {isa = PBXBuildFile; fileRef = 32B20D4B19B7726600A97AC1 /* IsometricPairValueGroup.h */; };
		32D9876B199900C600522AE3 /* IsometricModel.cpp in Sources */ = {isa = PBXBuildFile; fileRef = 32D98769199900C600522AE3 /* IsometricModel.cpp */; };
		32D9876C199900C600522AE3 /* IsometricModel.h in Headers */ = {isa = PBXBuildFile; fileRef = 32D9876A199900C600522AE3 /* IsometricModel.h */; };
		32D9876F1999048C00522AE3 /* IsometricCell.cpp in Sources */ = {isa = PBXBuildFile; fileRef = 32D9876D1999048C00522AE3 /* IsometricCell.cpp */; };
		32D987701999048C00522AE3 /* IsometricCell.h in Headers */ = {isa = PBXBuildFile; fileRef = 32D9876E1999048C00522AE3 /* IsometricCell.h */; };
		32D987741999106800522AE3 /* IsometricCellType.h in Headers */ = {isa = PBXBuildFile; fileRef = 32D987731999106800522AE3 /* IsometricCellType.h */; };
		32D987761999135E00522AE3 /* IsometricCellBevelDirection.h in Headers */ = {isa = PBXBuildFile; fileRef = 32D987751999135E00522AE3 /* IsometricCellBevelDirection.h */; };
/* End PBXBuildFile section */

/* Begin PBXFileReference section */
		3247B09319B4E1060072B2C4 /* PrefixHeader.pch */ = {isa = PBXFileReference; fileEncoding = 4; lastKnownFileType = sourcecode.c.h; path = PrefixHeader.pch; sourceTree = "<group>"; };
		3266470819CE97D80000347F /* IsometricAlgorithm.cpp */ = {isa = PBXFileReference; fileEncoding = 4; lastKnownFileType = sourcecode.cpp.cpp; path = IsometricAlgorithm.cpp; sourceTree = "<group>"; };
		3266470919CE97D80000347F /* IsometricAlgorithm.h */ = {isa = PBXFileReference; fileEncoding = 4; lastKnownFileType = sourcecode.c.h; path = IsometricAlgorithm.h; sourceTree = "<group>"; };
		32A08DCD19B1743800EEA4B0 /* tinyxml2.cpp */ = {isa = PBXFileReference; fileEncoding = 4; lastKnownFileType = sourcecode.cpp.cpp; path = tinyxml2.cpp; sourceTree = "<group>"; };
		32A08DCE19B1743800EEA4B0 /* tinyxml2.h */ = {isa = PBXFileReference; fileEncoding = 4; lastKnownFileType = sourcecode.c.h; path = tinyxml2.h; sourceTree = "<group>"; };
		32A08DD519B1779600EEA4B0 /* libIsometricModel_OSX.a */ = {isa = PBXFileReference; explicitFileType = archive.ar; includeInIndex = 0; path = libIsometricModel_OSX.a; sourceTree = BUILT_PRODUCTS_DIR; };
		32AAA75219E261E600B8550A /* TinyMemory.cpp */ = {isa = PBXFileReference; fileEncoding = 4; lastKnownFileType = sourcecode.cpp.cpp; path = TinyMemory.cpp; sourceTree = "<group>"; };
		32AAA75319E261E600B8550A /* TinyMemory.h */ = {isa = PBXFileReference; fileEncoding = 4; lastKnownFileType = sourcecode.c.h; path = TinyMemory.h; sourceTree = "<group>"; };
		32AAE25219AF804000AD58AB /* IsometricTileConfig.cpp */ = {isa = PBXFileReference; fileEncoding = 4; lastKnownFileType = sourcecode.cpp.cpp; path = IsometricTileConfig.cpp; sourceTree = "<group>"; };
		32AAE25319AF804000AD58AB /* IsometricTileConfig.h */ = {isa = PBXFileReference; fileEncoding = 4; lastKnownFileType = sourcecode.c.h; path = IsometricTileConfig.h; sourceTree = "<group>"; };
		32B20D4319B76A5200A97AC1 /* IsometricPairValue.cpp */ = {isa = PBXFileReference; fileEncoding = 4; lastKnownFileType = sourcecode.cpp.cpp; path = IsometricPairValue.cpp; sourceTree = "<group>"; };
		32B20D4419B76A5200A97AC1 /* IsometricPairValue.h */ = {isa = PBXFileReference; fileEncoding = 4; lastKnownFileType = sourcecode.c.h; path = IsometricPairValue.h; sourceTree = "<group>"; };
		32B20D4A19B7726600A97AC1 /* IsometricPairValueGroup.cpp */ = {isa = PBXFileReference; fileEncoding = 4; lastKnownFileType = sourcecode.cpp.cpp; path = IsometricPairValueGroup.cpp; sourceTree = "<group>"; };
		32B20D4B19B7726600A97AC1 /* IsometricPairValueGroup.h */ = {isa = PBXFileReference; fileEncoding = 4; lastKnownFileType = sourcecode.c.h; path = IsometricPairValueGroup.h; sourceTree = "<group>"; };
		32D987621999006900522AE3 /* libIsometricModel.a */ = {isa = PBXFileReference; explicitFileType = archive.ar; includeInIndex = 0; path = libIsometricModel.a; sourceTree = BUILT_PRODUCTS_DIR; };
		32D98769199900C600522AE3 /* IsometricModel.cpp */ = {isa = PBXFileReference; fileEncoding = 4; lastKnownFileType = sourcecode.cpp.cpp; path = IsometricModel.cpp; sourceTree = "<group>"; };
		32D9876A199900C600522AE3 /* IsometricModel.h */ = {isa = PBXFileReference; fileEncoding = 4; lastKnownFileType = sourcecode.c.h; path = IsometricModel.h; sourceTree = "<group>"; };
		32D9876D1999048C00522AE3 /* IsometricCell.cpp */ = {isa = PBXFileReference; fileEncoding = 4; lastKnownFileType = sourcecode.cpp.cpp; path = IsometricCell.cpp; sourceTree = "<group>"; };
		32D9876E1999048C00522AE3 /* IsometricCell.h */ = {isa = PBXFileReference; fileEncoding = 4; lastKnownFileType = sourcecode.c.h; path = IsometricCell.h; sourceTree = "<group>"; };
		32D987731999106800522AE3 /* IsometricCellType.h */ = {isa = PBXFileReference; fileEncoding = 4; lastKnownFileType = sourcecode.c.h; path = IsometricCellType.h; sourceTree = "<group>"; };
		32D987751999135E00522AE3 /* IsometricCellBevelDirection.h */ = {isa = PBXFileReference; fileEncoding = 4; lastKnownFileType = sourcecode.c.h; path = IsometricCellBevelDirection.h; sourceTree = "<group>"; };
/* End PBXFileReference section */

/* Begin PBXFrameworksBuildPhase section */
		32A08DD219B1779600EEA4B0 /* Frameworks */ = {
			isa = PBXFrameworksBuildPhase;
			buildActionMask = 2147483647;
			files = (
			);
			runOnlyForDeploymentPostprocessing = 0;
		};
		32D9875F1999006900522AE3 /* Frameworks */ = {
			isa = PBXFrameworksBuildPhase;
			buildActionMask = 2147483647;
			files = (
			);
			runOnlyForDeploymentPostprocessing = 0;
		};
/* End PBXFrameworksBuildPhase section */

/* Begin PBXGroup section */
		32D987591999006900522AE3 = {
			isa = PBXGroup;
			children = (
				32B20D4319B76A5200A97AC1 /* IsometricPairValue.cpp */,
				32B20D4A19B7726600A97AC1 /* IsometricPairValueGroup.cpp */,
				32B20D4B19B7726600A97AC1 /* IsometricPairValueGroup.h */,
				32B20D4419B76A5200A97AC1 /* IsometricPairValue.h */,
				3247B09319B4E1060072B2C4 /* PrefixHeader.pch */,
				32A08DCD19B1743800EEA4B0 /* tinyxml2.cpp */,
				32A08DCE19B1743800EEA4B0 /* tinyxml2.h */,
				32AAE25219AF804000AD58AB /* IsometricTileConfig.cpp */,
				32AAE25319AF804000AD58AB /* IsometricTileConfig.h */,
				32D987751999135E00522AE3 /* IsometricCellBevelDirection.h */,
				32D987731999106800522AE3 /* IsometricCellType.h */,
				32D98769199900C600522AE3 /* IsometricModel.cpp */,
				3266470819CE97D80000347F /* IsometricAlgorithm.cpp */,
				3266470919CE97D80000347F /* IsometricAlgorithm.h */,
				32D9876A199900C600522AE3 /* IsometricModel.h */,
				32D9876D1999048C00522AE3 /* IsometricCell.cpp */,
				32AAA75219E261E600B8550A /* TinyMemory.cpp */,
				32AAA75319E261E600B8550A /* TinyMemory.h */,
				32D9876E1999048C00522AE3 /* IsometricCell.h */,
				32D987631999006900522AE3 /* Products */,
			);
			sourceTree = "<group>";
		};
		32D987631999006900522AE3 /* Products */ = {
			isa = PBXGroup;
			children = (
				32D987621999006900522AE3 /* libIsometricModel.a */,
				32A08DD519B1779600EEA4B0 /* libIsometricModel_OSX.a */,
			);
			name = Products;
			sourceTree = "<group>";
		};
/* End PBXGroup section */

/* Begin PBXHeadersBuildPhase section */
		32A08DD319B1779600EEA4B0 /* Headers */ = {
			isa = PBXHeadersBuildPhase;
			buildActionMask = 2147483647;
			files = (
				3247B09519B4E1060072B2C4 /* PrefixHeader.pch in Headers */,
				32A08DE219B1786900EEA4B0 /* IsometricCellBevelDirection.h in Headers */,
				32B20D4819B76A5200A97AC1 /* IsometricPairValue.h in Headers */,
				32A08DDD19B1784E00EEA4B0 /* tinyxml2.h in Headers */,
				32A08DDE19B1784E00EEA4B0 /* IsometricTileConfig.h in Headers */,
				32AAA75719E261E600B8550A /* TinyMemory.h in Headers */,
				32A08DDF19B1784E00EEA4B0 /* IsometricCellType.h in Headers */,
				3266470D19CE97D80000347F /* IsometricAlgorithm.h in Headers */,
				32A08DE019B1784E00EEA4B0 /* IsometricModel.h in Headers */,
				32B20D4F19B7726600A97AC1 /* IsometricPairValueGroup.h in Headers */,
				32A08DE119B1784E00EEA4B0 /* IsometricCell.h in Headers */,
			);
			runOnlyForDeploymentPostprocessing = 0;
		};
		32D987601999006900522AE3 /* Headers */ = {
			isa = PBXHeadersBuildPhase;
			buildActionMask = 2147483647;
			files = (
				3247B09419B4E1060072B2C4 /* PrefixHeader.pch in Headers */,
				32D987701999048C00522AE3 /* IsometricCell.h in Headers */,
				32B20D4719B76A5200A97AC1 /* IsometricPairValue.h in Headers */,
				32A08DD019B1743800EEA4B0 /* tinyxml2.h in Headers */,
				32D987761999135E00522AE3 /* IsometricCellBevelDirection.h in Headers */,
				32AAA75619E261E600B8550A /* TinyMemory.h in Headers */,
				32D987741999106800522AE3 /* IsometricCellType.h in Headers */,
				3266470C19CE97D80000347F /* IsometricAlgorithm.h in Headers */,
				32D9876C199900C600522AE3 /* IsometricModel.h in Headers */,
				32B20D4E19B7726600A97AC1 /* IsometricPairValueGroup.h in Headers */,
				32AAE25519AF804000AD58AB /* IsometricTileConfig.h in Headers */,
			);
			runOnlyForDeploymentPostprocessing = 0;
		};
/* End PBXHeadersBuildPhase section */

/* Begin PBXNativeTarget section */
		32A08DD419B1779600EEA4B0 /* IsometricModel_OSX */ = {
			isa = PBXNativeTarget;
			buildConfigurationList = 32A08DD619B1779600EEA4B0 /* Build configuration list for PBXNativeTarget "IsometricModel_OSX" */;
			buildPhases = (
				32A08DD119B1779600EEA4B0 /* Sources */,
				32A08DD219B1779600EEA4B0 /* Frameworks */,
				32A08DD319B1779600EEA4B0 /* Headers */,
				32A08DFF19B1932500EEA4B0 /* ShellScript */,
			);
			buildRules = (
			);
			dependencies = (
			);
			name = IsometricModel_OSX;
			productName = IsometricModel_OSX;
			productReference = 32A08DD519B1779600EEA4B0 /* libIsometricModel_OSX.a */;
			productType = "com.apple.product-type.library.static";
		};
		32D987611999006900522AE3 /* IsometricModel */ = {
			isa = PBXNativeTarget;
			buildConfigurationList = 32D987661999006900522AE3 /* Build configuration list for PBXNativeTarget "IsometricModel" */;
			buildPhases = (
				32D9875E1999006900522AE3 /* Sources */,
				32D9875F1999006900522AE3 /* Frameworks */,
				32D987601999006900522AE3 /* Headers */,
				32A41A4D199DE57100B39492 /* ShellScript */,
			);
			buildRules = (
			);
			dependencies = (
			);
			name = IsometricModel;
			productName = IsometricModel;
			productReference = 32D987621999006900522AE3 /* libIsometricModel.a */;
			productType = "com.apple.product-type.library.static";
		};
/* End PBXNativeTarget section */

/* Begin PBXProject section */
		32D9875A1999006900522AE3 /* Project object */ = {
			isa = PBXProject;
			attributes = {
				LastUpgradeCheck = 0510;
				ORGANIZATIONNAME = JimCheng;
			};
			buildConfigurationList = 32D9875D1999006900522AE3 /* Build configuration list for PBXProject "IsometricModel" */;
			compatibilityVersion = "Xcode 3.2";
			developmentRegion = English;
			hasScannedForEncodings = 0;
			knownRegions = (
				en,
			);
			mainGroup = 32D987591999006900522AE3;
			productRefGroup = 32D987631999006900522AE3 /* Products */;
			projectDirPath = "";
			projectRoot = "";
			targets = (
				32D987611999006900522AE3 /* IsometricModel */,
				32A08DD419B1779600EEA4B0 /* IsometricModel_OSX */,
			);
		};
/* End PBXProject section */

/* Begin PBXShellScriptBuildPhase section */
		32A08DFF19B1932500EEA4B0 /* ShellScript */ = {
			isa = PBXShellScriptBuildPhase;
			buildActionMask = 2147483647;
			files = (
			);
			inputPaths = (
			);
			outputPaths = (
			);
			runOnlyForDeploymentPostprocessing = 0;
			shellPath = /bin/sh;
			shellScript = "cp /Users/jimCheng/Library/Developer/Xcode/DerivedData/IsometricModel-efcnlyfqiirjkuctkxpqsjfofjey/Build/Products/Debug/libIsometricModel_OSX.a /Users/jimCheng/projects/TestCocoaApp ";
		};
		32A41A4D199DE57100B39492 /* ShellScript */ = {
			isa = PBXShellScriptBuildPhase;
			buildActionMask = 2147483647;
			files = (
			);
			inputPaths = (
			);
			outputPaths = (
			);
			runOnlyForDeploymentPostprocessing = 0;
			shellPath = /bin/sh;
			shellScript = "cp /Users/jimCheng/Library/Developer/Xcode/DerivedData/IsometricModel-efcnlyfqiirjkuctkxpqsjfofjey/Build/Products/Debug-iphonesimulator/libIsometricModel.a /Users/jimCheng/projects/MyFisrtCocos2DXGame/MyFirstCocos2DXGame/proj.ios_mac";
		};
/* End PBXShellScriptBuildPhase section */

/* Begin PBXSourcesBuildPhase section */
		32A08DD119B1779600EEA4B0 /* Sources */ = {
			isa = PBXSourcesBuildPhase;
			buildActionMask = 2147483647;
			files = (
				32A08DE819B17CE100EEA4B0 /* tinyxml2.cpp in Sources */,
				32A08DDA19B1784500EEA4B0 /* IsometricTileConfig.cpp in Sources */,
				32A08DDB19B1784500EEA4B0 /* IsometricModel.cpp in Sources */,
				32B20D4D19B7726600A97AC1 /* IsometricPairValueGroup.cpp in Sources */,
				32AAA75519E261E600B8550A /* TinyMemory.cpp in Sources */,
				32B20D4619B76A5200A97AC1 /* IsometricPairValue.cpp in Sources */,
				3266470B19CE97D80000347F /* IsometricAlgorithm.cpp in Sources */,
				32A08DDC19B1784500EEA4B0 /* IsometricCell.cpp in Sources */,
			);
			runOnlyForDeploymentPostprocessing = 0;
		};
		32D9875E1999006900522AE3 /* Sources */ = {
			isa = PBXSourcesBuildPhase;
			buildActionMask = 2147483647;
			files = (
				32A08DE719B17CE000EEA4B0 /* tinyxml2.cpp in Sources */,
				32D9876B199900C600522AE3 /* IsometricModel.cpp in Sources */,
				32D9876F1999048C00522AE3 /* IsometricCell.cpp in Sources */,
				32B20D4C19B7726600A97AC1 /* IsometricPairValueGroup.cpp in Sources */,
				32AAA75419E261E600B8550A /* TinyMemory.cpp in Sources */,
				32B20D4519B76A5200A97AC1 /* IsometricPairValue.cpp in Sources */,
				3266470A19CE97D80000347F /* IsometricAlgorithm.cpp in Sources */,
				32AAE25419AF804000AD58AB /* IsometricTileConfig.cpp in Sources */,
			);
			runOnlyForDeploymentPostprocessing = 0;
		};
/* End PBXSourcesBuildPhase section */

/* Begin XCBuildConfiguration section */
		32A08DD719B1779600EEA4B0 /* Debug */ = {
			isa = XCBuildConfiguration;
			buildSettings = {
				EXECUTABLE_PREFIX = lib;
				GCC_PRECOMPILE_PREFIX_HEADER = YES;
				GCC_PREFIX_HEADER = PrefixHeader.pch;
				GCC_PREPROCESSOR_DEFINITIONS = (
					"DEBUG=1",
					"$(inherited)",
				);
				HEADER_SEARCH_PATHS = (
					"$(inherited)",
					/Applications/Xcode.app/Contents/Developer/Toolchains/XcodeDefault.xctoolchain/usr/include,
					/Users/jimCheng/boost/boost_1_56_0,
				);
				PRODUCT_NAME = "$(TARGET_NAME)";
			};
			name = Debug;
		};
		32A08DD819B1779600EEA4B0 /* Release */ = {
			isa = XCBuildConfiguration;
			buildSettings = {
				EXECUTABLE_PREFIX = lib;
				GCC_PRECOMPILE_PREFIX_HEADER = YES;
				GCC_PREFIX_HEADER = PrefixHeader.pch;
				HEADER_SEARCH_PATHS = (
					"$(inherited)",
					/Applications/Xcode.app/Contents/Developer/Toolchains/XcodeDefault.xctoolchain/usr/include,
					/Users/jimCheng/boost/boost_1_56_0,
				);
				PRODUCT_NAME = "$(TARGET_NAME)";
			};
			name = Release;
		};
		32D987641999006900522AE3 /* Debug */ = {
			isa = XCBuildConfiguration;
			buildSettings = {
				ALWAYS_SEARCH_USER_PATHS = NO;
				CLANG_CXX_LANGUAGE_STANDARD = "gnu++0x";
				CLANG_CXX_LIBRARY = "libc++";
				CLANG_ENABLE_MODULES = YES;
				CLANG_ENABLE_OBJC_ARC = YES;
				CLANG_WARN_BOOL_CONVERSION = YES;
				CLANG_WARN_CONSTANT_CONVERSION = YES;
				CLANG_WARN_DIRECT_OBJC_ISA_USAGE = YES_ERROR;
				CLANG_WARN_EMPTY_BODY = YES;
				CLANG_WARN_ENUM_CONVERSION = YES;
				CLANG_WARN_INT_CONVERSION = YES;
				CLANG_WARN_OBJC_ROOT_CLASS = YES_ERROR;
				CLANG_WARN__DUPLICATE_METHOD_MATCH = YES;
				COPY_PHASE_STRIP = NO;
				GCC_C_LANGUAGE_STANDARD = gnu99;
				GCC_DYNAMIC_NO_PIC = NO;
				GCC_ENABLE_OBJC_EXCEPTIONS = YES;
				GCC_OPTIMIZATION_LEVEL = 0;
				GCC_PREPROCESSOR_DEFINITIONS = (
					"DEBUG=1",
					"$(inherited)",
				);
				GCC_SYMBOLS_PRIVATE_EXTERN = NO;
				GCC_WARN_64_TO_32_BIT_CONVERSION = YES;
				GCC_WARN_ABOUT_RETURN_TYPE = YES_ERROR;
				GCC_WARN_UNDECLARED_SELECTOR = YES;
				GCC_WARN_UNINITIALIZED_AUTOS = YES_AGGRESSIVE;
				GCC_WARN_UNUSED_FUNCTION = YES;
				GCC_WARN_UNUSED_VARIABLE = YES;
				MACOSX_DEPLOYMENT_TARGET = 10.9;
				ONLY_ACTIVE_ARCH = YES;
				SDKROOT = macosx;
			};
			name = Debug;
		};
		32D987651999006900522AE3 /* Release */ = {
			isa = XCBuildConfiguration;
			buildSettings = {
				ALWAYS_SEARCH_USER_PATHS = NO;
				CLANG_CXX_LANGUAGE_STANDARD = "gnu++0x";
				CLANG_CXX_LIBRARY = "libc++";
				CLANG_ENABLE_MODULES = YES;
				CLANG_ENABLE_OBJC_ARC = YES;
				CLANG_WARN_BOOL_CONVERSION = YES;
				CLANG_WARN_CONSTANT_CONVERSION = YES;
				CLANG_WARN_DIRECT_OBJC_ISA_USAGE = YES_ERROR;
				CLANG_WARN_EMPTY_BODY = YES;
				CLANG_WARN_ENUM_CONVERSION = YES;
				CLANG_WARN_INT_CONVERSION = YES;
				CLANG_WARN_OBJC_ROOT_CLASS = YES_ERROR;
				CLANG_WARN__DUPLICATE_METHOD_MATCH = YES;
				COPY_PHASE_STRIP = YES;
				DEBUG_INFORMATION_FORMAT = "dwarf-with-dsym";
				ENABLE_NS_ASSERTIONS = NO;
				GCC_C_LANGUAGE_STANDARD = gnu99;
				GCC_ENABLE_OBJC_EXCEPTIONS = YES;
				GCC_WARN_64_TO_32_BIT_CONVERSION = YES;
				GCC_WARN_ABOUT_RETURN_TYPE = YES_ERROR;
				GCC_WARN_UNDECLARED_SELECTOR = YES;
				GCC_WARN_UNINITIALIZED_AUTOS = YES_AGGRESSIVE;
				GCC_WARN_UNUSED_FUNCTION = YES;
				GCC_WARN_UNUSED_VARIABLE = YES;
				MACOSX_DEPLOYMENT_TARGET = 10.9;
				SDKROOT = macosx;
			};
			name = Release;
		};
		32D987671999006900522AE3 /* Debug */ = {
			isa = XCBuildConfiguration;
			buildSettings = {
				ARCHS = "$(ARCHS_STANDARD_32_BIT)";
				EXECUTABLE_PREFIX = lib;
				LIBRARY_SEARCH_PATHS = (
					"$(inherited)",
					"$(USER_LIBRARY_DIR)/Developer/Xcode/DerivedData/IsometricModel-bhblxnsyyqgxjuajstsrqhizpbdh/Build/Products/Debug-iphonesimulator",
				);
				PRODUCT_NAME = "$(TARGET_NAME)";
				SDKROOT = iphoneos7.1;
				SUPPORTED_PLATFORMS = "iphonesimulator iphoneos";
			};
			name = Debug;
		};
		32D987681999006900522AE3 /* Release */ = {
			isa = XCBuildConfiguration;
			buildSettings = {
				ARCHS = "$(ARCHS_STANDARD_32_BIT)";
				EXECUTABLE_PREFIX = lib;
				LIBRARY_SEARCH_PATHS = (
					"$(inherited)",
					"$(USER_LIBRARY_DIR)/Developer/Xcode/DerivedData/IsometricModel-bhblxnsyyqgxjuajstsrqhizpbdh/Build/Products/Debug-iphonesimulator",
				);
				PRODUCT_NAME = "$(TARGET_NAME)";
				SDKROOT = iphoneos7.1;
				SUPPORTED_PLATFORMS = "iphonesimulator iphoneos";
			};
			name = Release;
		};
/* End XCBuildConfiguration section */

/* Begin XCConfigurationList section */
		32A08DD619B1779600EEA4B0 /* Build configuration list for PBXNativeTarget "IsometricModel_OSX" */ = {
			isa = XCConfigurationList;
			buildConfigurations = (
				32A08DD719B1779600EEA4B0 /* Debug */,
				32A08DD819B1779600EEA4B0 /* Release */,
			);
			defaultConfigurationIsVisible = 0;
			defaultConfigurationName = Release;
		};
		32D9875D1999006900522AE3 /* Build configuration list for PBXProject "IsometricModel" */ = {
			isa = XCConfigurationList;
			buildConfigurations = (
				32D987641999006900522AE3 /* Debug */,
				32D987651999006900522AE3 /* Release */,
			);
			defaultConfigurationIsVisible = 0;
			defaultConfigurationName = Release;
		};
		32D987661999006900522AE3 /* Build configuration list for PBXNativeTarget "IsometricModel" */ = {
			isa = XCConfigurationList;
			buildConfigurations = (
				32D987671999006900522AE3 /* Debug */,
				32D987681999006900522AE3 /* Release */,
			);
			defaultConfigurationIsVisible = 0;
			defaultConfigurationName = Release;
		};
/* End XCConfigurationList section */
	};
	rootObject = 32D9875A1999006900522AE3 /* Project object */;
}
